
Microsoft Visual Studio Solution File, Format Version 12.00
# Visual Studio Version 17
VisualStudioVersion = 17.0.31903.59
MinimumVisualStudioVersion = 10.0.40219.1
Project("{2150E333-8FDC-42A3-9474-1A3956D46DE8}") = "src", "src", "{827E0CD3-B72D-47B6-A68D-7590B98EB39B}"
EndProject
Project("{2150E333-8FDC-42A3-9474-1A3956D46DE8}") = "sdk", "sdk", "{51B637F8-9C04-5803-F48E-8CB9352021B0}"
EndProject
Project("{FAE04EC0-301F-11D3-BF4B-00C04F79EFBC}") = "Chainborn.Licensing.Abstractions", "src\sdk\Chainborn.Licensing.Abstractions\Chainborn.Licensing.Abstractions.csproj", "{785429E2-4506-492F-B08C-76A2271864D1}"
EndProject
Project("{FAE04EC0-301F-11D3-BF4B-00C04F79EFBC}") = "Chainborn.Licensing.Policy", "src\sdk\Chainborn.Licensing.Policy\Chainborn.Licensing.Policy.csproj", "{1EF0B8C0-BE16-4936-A5BB-9BD983A43FFC}"
EndProject
Project("{2150E333-8FDC-42A3-9474-1A3956D46DE8}") = "validator", "validator", "{EB422957-6218-6E67-AF5B-83C1CEAB2763}"
EndProject
Project("{FAE04EC0-301F-11D3-BF4B-00C04F79EFBC}") = "Chainborn.Licensing.Validator", "src\validator\Chainborn.Licensing.Validator\Chainborn.Licensing.Validator.csproj", "{94D639D1-66F5-448A-BEF1-C589ABA4D693}"
EndProject
Project("{FAE04EC0-301F-11D3-BF4B-00C04F79EFBC}") = "Chainborn.Licensing.Validator.Tests", "src\validator\Chainborn.Licensing.Validator.Tests\Chainborn.Licensing.Validator.Tests.csproj", "{76AF4BC5-F98C-46AF-8525-259516C56941}"
EndProject
Project("{2150E333-8FDC-42A3-9474-1A3956D46DE8}") = "cli", "cli", "{778427DF-EB2C-5228-964E-6D535DE253CA}"
EndProject
Project("{FAE04EC0-301F-11D3-BF4B-00C04F79EFBC}") = "Chainborn.Licensing.Cli", "src\cli\Chainborn.Licensing.Cli\Chainborn.Licensing.Cli.csproj", "{ABD32153-E769-4420-AF14-454071AB11D0}"
EndProject
Project("{2150E333-8FDC-42A3-9474-1A3956D46DE8}") = "issuer", "issuer", "{01220A4E-AE4F-4DB7-A639-03ED2F98A964}"
EndProject
Project("{FAE04EC0-301F-11D3-BF4B-00C04F79EFBC}") = "Chainborn.Licensing.Issuer", "src\issuer\Chainborn.Licensing.Issuer\Chainborn.Licensing.Issuer.csproj", "{DC8A24B9-7B53-4678-8C15-5AC39BABDAB9}"
EndProject
Project("{2150E333-8FDC-42A3-9474-1A3956D46DE8}") = "sample-app", "sample-app", "{5533F140-D477-253B-1CC0-F7633BAFB1E8}"
EndProject
Project("{FAE04EC0-301F-11D3-BF4B-00C04F79EFBC}") = "Chainborn.Licensing.SampleApp", "src\sample-app\Chainborn.Licensing.SampleApp\Chainborn.Licensing.SampleApp.csproj", "{CDAEB18F-C47F-414E-933F-972B49609FA9}"
EndProject
Global
	GlobalSection(SolutionConfigurationPlatforms) = preSolution
		Debug|Any CPU = Debug|Any CPU
		Debug|x64 = Debug|x64
		Debug|x86 = Debug|x86
		Release|Any CPU = Release|Any CPU
		Release|x64 = Release|x64
		Release|x86 = Release|x86
	EndGlobalSection
	GlobalSection(ProjectConfigurationPlatforms) = postSolution
		{785429E2-4506-492F-B08C-76A2271864D1}.Debug|Any CPU.ActiveCfg = Debug|Any CPU
		{785429E2-4506-492F-B08C-76A2271864D1}.Debug|Any CPU.Build.0 = Debug|Any CPU
		{785429E2-4506-492F-B08C-76A2271864D1}.Debug|x64.ActiveCfg = Debug|Any CPU
		{785429E2-4506-492F-B08C-76A2271864D1}.Debug|x64.Build.0 = Debug|Any CPU
		{785429E2-4506-492F-B08C-76A2271864D1}.Debug|x86.ActiveCfg = Debug|Any CPU
		{785429E2-4506-492F-B08C-76A2271864D1}.Debug|x86.Build.0 = Debug|Any CPU
		{785429E2-4506-492F-B08C-76A2271864D1}.Release|Any CPU.ActiveCfg = Release|Any CPU
		{785429E2-4506-492F-B08C-76A2271864D1}.Release|Any CPU.Build.0 = Release|Any CPU
		{785429E2-4506-492F-B08C-76A2271864D1}.Release|x64.ActiveCfg = Release|Any CPU
		{785429E2-4506-492F-B08C-76A2271864D1}.Release|x64.Build.0 = Release|Any CPU
		{785429E2-4506-492F-B08C-76A2271864D1}.Release|x86.ActiveCfg = Release|Any CPU
		{785429E2-4506-492F-B08C-76A2271864D1}.Release|x86.Build.0 = Release|Any CPU
		{1EF0B8C0-BE16-4936-A5BB-9BD983A43FFC}.Debug|Any CPU.ActiveCfg = Debug|Any CPU
		{1EF0B8C0-BE16-4936-A5BB-9BD983A43FFC}.Debug|Any CPU.Build.0 = Debug|Any CPU
		{1EF0B8C0-BE16-4936-A5BB-9BD983A43FFC}.Debug|x64.ActiveCfg = Debug|Any CPU
		{1EF0B8C0-BE16-4936-A5BB-9BD983A43FFC}.Debug|x64.Build.0 = Debug|Any CPU
		{1EF0B8C0-BE16-4936-A5BB-9BD983A43FFC}.Debug|x86.ActiveCfg = Debug|Any CPU
		{1EF0B8C0-BE16-4936-A5BB-9BD983A43FFC}.Debug|x86.Build.0 = Debug|Any CPU
		{1EF0B8C0-BE16-4936-A5BB-9BD983A43FFC}.Release|Any CPU.ActiveCfg = Release|Any CPU
		{1EF0B8C0-BE16-4936-A5BB-9BD983A43FFC}.Release|Any CPU.Build.0 = Release|Any CPU
		{1EF0B8C0-BE16-4936-A5BB-9BD983A43FFC}.Release|x64.ActiveCfg = Release|Any CPU
		{1EF0B8C0-BE16-4936-A5BB-9BD983A43FFC}.Release|x64.Build.0 = Release|Any CPU
		{1EF0B8C0-BE16-4936-A5BB-9BD983A43FFC}.Release|x86.ActiveCfg = Release|Any CPU
		{1EF0B8C0-BE16-4936-A5BB-9BD983A43FFC}.Release|x86.Build.0 = Release|Any CPU
		{94D639D1-66F5-448A-BEF1-C589ABA4D693}.Debug|Any CPU.ActiveCfg = Debug|Any CPU
		{94D639D1-66F5-448A-BEF1-C589ABA4D693}.Debug|Any CPU.Build.0 = Debug|Any CPU
		{94D639D1-66F5-448A-BEF1-C589ABA4D693}.Debug|x64.ActiveCfg = Debug|Any CPU
		{94D639D1-66F5-448A-BEF1-C589ABA4D693}.Debug|x64.Build.0 = Debug|Any CPU
		{94D639D1-66F5-448A-BEF1-C589ABA4D693}.Debug|x86.ActiveCfg = Debug|Any CPU
		{94D639D1-66F5-448A-BEF1-C589ABA4D693}.Debug|x86.Build.0 = Debug|Any CPU
		{94D639D1-66F5-448A-BEF1-C589ABA4D693}.Release|Any CPU.ActiveCfg = Release|Any CPU
		{94D639D1-66F5-448A-BEF1-C589ABA4D693}.Release|Any CPU.Build.0 = Release|Any CPU
		{94D639D1-66F5-448A-BEF1-C589ABA4D693}.Release|x64.ActiveCfg = Release|Any CPU
		{94D639D1-66F5-448A-BEF1-C589ABA4D693}.Release|x64.Build.0 = Release|Any CPU
		{94D639D1-66F5-448A-BEF1-C589ABA4D693}.Release|x86.ActiveCfg = Release|Any CPU
		{94D639D1-66F5-448A-BEF1-C589ABA4D693}.Release|x86.Build.0 = Release|Any CPU
		{76AF4BC5-F98C-46AF-8525-259516C56941}.Debug|Any CPU.ActiveCfg = Debug|Any CPU
		{76AF4BC5-F98C-46AF-8525-259516C56941}.Debug|Any CPU.Build.0 = Debug|Any CPU
		{76AF4BC5-F98C-46AF-8525-259516C56941}.Debug|x64.ActiveCfg = Debug|Any CPU
		{76AF4BC5-F98C-46AF-8525-259516C56941}.Debug|x64.Build.0 = Debug|Any CPU
		{76AF4BC5-F98C-46AF-8525-259516C56941}.Debug|x86.ActiveCfg = Debug|Any CPU
		{76AF4BC5-F98C-46AF-8525-259516C56941}.Debug|x86.Build.0 = Debug|Any CPU
		{76AF4BC5-F98C-46AF-8525-259516C56941}.Release|Any CPU.ActiveCfg = Release|Any CPU
		{76AF4BC5-F98C-46AF-8525-259516C56941}.Release|Any CPU.Build.0 = Release|Any CPU
		{76AF4BC5-F98C-46AF-8525-259516C56941}.Release|x64.ActiveCfg = Release|Any CPU
		{76AF4BC5-F98C-46AF-8525-259516C56941}.Release|x64.Build.0 = Release|Any CPU
		{76AF4BC5-F98C-46AF-8525-259516C56941}.Release|x86.ActiveCfg = Release|Any CPU
		{76AF4BC5-F98C-46AF-8525-259516C56941}.Release|x86.Build.0 = Release|Any CPU
		{ABD32153-E769-4420-AF14-454071AB11D0}.Debug|Any CPU.ActiveCfg = Debug|Any CPU
		{ABD32153-E769-4420-AF14-454071AB11D0}.Debug|Any CPU.Build.0 = Debug|Any CPU
		{ABD32153-E769-4420-AF14-454071AB11D0}.Debug|x64.ActiveCfg = Debug|Any CPU
		{ABD32153-E769-4420-AF14-454071AB11D0}.Debug|x64.Build.0 = Debug|Any CPU
		{ABD32153-E769-4420-AF14-454071AB11D0}.Debug|x86.ActiveCfg = Debug|Any CPU
		{ABD32153-E769-4420-AF14-454071AB11D0}.Debug|x86.Build.0 = Debug|Any CPU
		{ABD32153-E769-4420-AF14-454071AB11D0}.Release|Any CPU.ActiveCfg = Release|Any CPU
		{ABD32153-E769-4420-AF14-454071AB11D0}.Release|Any CPU.Build.0 = Release|Any CPU
		{ABD32153-E769-4420-AF14-454071AB11D0}.Release|x64.ActiveCfg = Release|Any CPU
		{ABD32153-E769-4420-AF14-454071AB11D0}.Release|x64.Build.0 = Release|Any CPU
		{ABD32153-E769-4420-AF14-454071AB11D0}.Release|x86.ActiveCfg = Release|Any CPU
		{ABD32153-E769-4420-AF14-454071AB11D0}.Release|x86.Build.0 = Release|Any CPU
		{DC8A24B9-7B53-4678-8C15-5AC39BABDAB9}.Debug|Any CPU.ActiveCfg = Debug|Any CPU
		{DC8A24B9-7B53-4678-8C15-5AC39BABDAB9}.Debug|Any CPU.Build.0 = Debug|Any CPU
		{DC8A24B9-7B53-4678-8C15-5AC39BABDAB9}.Debug|x64.ActiveCfg = Debug|Any CPU
		{DC8A24B9-7B53-4678-8C15-5AC39BABDAB9}.Debug|x64.Build.0 = Debug|Any CPU
		{DC8A24B9-7B53-4678-8C15-5AC39BABDAB9}.Debug|x86.ActiveCfg = Debug|Any CPU
		{DC8A24B9-7B53-4678-8C15-5AC39BABDAB9}.Debug|x86.Build.0 = Debug|Any CPU
		{DC8A24B9-7B53-4678-8C15-5AC39BABDAB9}.Release|Any CPU.ActiveCfg = Release|Any CPU
		{DC8A24B9-7B53-4678-8C15-5AC39BABDAB9}.Release|Any CPU.Build.0 = Release|Any CPU
		{DC8A24B9-7B53-4678-8C15-5AC39BABDAB9}.Release|x64.ActiveCfg = Release|Any CPU
		{DC8A24B9-7B53-4678-8C15-5AC39BABDAB9}.Release|x64.Build.0 = Release|Any CPU
		{DC8A24B9-7B53-4678-8C15-5AC39BABDAB9}.Release|x86.ActiveCfg = Release|Any CPU
		{DC8A24B9-7B53-4678-8C15-5AC39BABDAB9}.Release|x86.Build.0 = Release|Any CPU
		{CDAEB18F-C47F-414E-933F-972B49609FA9}.Debug|Any CPU.ActiveCfg = Debug|Any CPU
		{CDAEB18F-C47F-414E-933F-972B49609FA9}.Debug|Any CPU.Build.0 = Debug|Any CPU
		{CDAEB18F-C47F-414E-933F-972B49609FA9}.Debug|x64.ActiveCfg = Debug|Any CPU
		{CDAEB18F-C47F-414E-933F-972B49609FA9}.Debug|x64.Build.0 = Debug|Any CPU
		{CDAEB18F-C47F-414E-933F-972B49609FA9}.Debug|x86.ActiveCfg = Debug|Any CPU
		{CDAEB18F-C47F-414E-933F-972B49609FA9}.Debug|x86.Build.0 = Debug|Any CPU
		{CDAEB18F-C47F-414E-933F-972B49609FA9}.Release|Any CPU.ActiveCfg = Release|Any CPU
		{CDAEB18F-C47F-414E-933F-972B49609FA9}.Release|Any CPU.Build.0 = Release|Any CPU
		{CDAEB18F-C47F-414E-933F-972B49609FA9}.Release|x64.ActiveCfg = Release|Any CPU
		{CDAEB18F-C47F-414E-933F-972B49609FA9}.Release|x64.Build.0 = Release|Any CPU
		{CDAEB18F-C47F-414E-933F-972B49609FA9}.Release|x86.ActiveCfg = Release|Any CPU
		{CDAEB18F-C47F-414E-933F-972B49609FA9}.Release|x86.Build.0 = Release|Any CPU
	EndGlobalSection
	GlobalSection(SolutionProperties) = preSolution
		HideSolutionNode = FALSE
	EndGlobalSection
	GlobalSection(NestedProjects) = preSolution
		{51B637F8-9C04-5803-F48E-8CB9352021B0} = {827E0CD3-B72D-47B6-A68D-7590B98EB39B}
		{785429E2-4506-492F-B08C-76A2271864D1} = {51B637F8-9C04-5803-F48E-8CB9352021B0}
		{1EF0B8C0-BE16-4936-A5BB-9BD983A43FFC} = {51B637F8-9C04-5803-F48E-8CB9352021B0}
		{EB422957-6218-6E67-AF5B-83C1CEAB2763} = {827E0CD3-B72D-47B6-A68D-7590B98EB39B}
		{94D639D1-66F5-448A-BEF1-C589ABA4D693} = {EB422957-6218-6E67-AF5B-83C1CEAB2763}
		{76AF4BC5-F98C-46AF-8525-259516C56941} = {EB422957-6218-6E67-AF5B-83C1CEAB2763}
		{778427DF-EB2C-5228-964E-6D535DE253CA} = {827E0CD3-B72D-47B6-A68D-7590B98EB39B}
		{ABD32153-E769-4420-AF14-454071AB11D0} = {778427DF-EB2C-5228-964E-6D535DE253CA}
		{01220A4E-AE4F-4DB7-A639-03ED2F98A964} = {827E0CD3-B72D-47B6-A68D-7590B98EB39B}
		{DC8A24B9-7B53-4678-8C15-5AC39BABDAB9} = {01220A4E-AE4F-4DB7-A639-03ED2F98A964}
		{5533F140-D477-253B-1CC0-F7633BAFB1E8} = {827E0CD3-B72D-47B6-A68D-7590B98EB39B}
		{CDAEB18F-C47F-414E-933F-972B49609FA9} = {5533F140-D477-253B-1CC0-F7633BAFB1E8}
	EndGlobalSection
EndGlobal
